{
  "name": "angular-ecommerce-shopping-application",
  "lockfileVersion": 3,
  "requires": true,
  "packages": {
    "": {
      "dependencies": {
        "@angular/animations": "^16.2.2",
        "@angular/router": "^16.2.2",
        "bootstrap": "^4.6.2",
        "moment": "^2.29.1",
        "ngx-bootstrap": "^11.0.2",
        "primeicons": "^4.0.0",
        "primeng": "^16.1.0"
      }
    },
    "node_modules/@angular/animations": {
      "version": "16.2.2",
      "resolved": "https://registry.npmjs.org/@angular/animations/-/animations-16.2.2.tgz",
      "integrity": "sha512-p0QefudkPGXjq9inZDrtW6WJrDcSeL+Nkc8lxubjg5fLQATKWKpsUBb+u2xEVu8OvWqj8BvrZUDnXYLyTdM4vw==",
      "dependencies": {
        "tslib": "^2.3.0"
      },
      "engines": {
        "node": "^16.14.0 || >=18.10.0"
      },
      "peerDependencies": {
        "@angular/core": "16.2.2"
      }
    },
    "node_modules/@angular/common": {
      "version": "16.2.2",
      "resolved": "https://registry.npmjs.org/@angular/common/-/common-16.2.2.tgz",
      "integrity": "sha512-2ww8/heDHkfJEBwjakbQeleq610ljcvytNs6ZN1xiXib060xMP+xx17Oa9I3onhi369JsKCHkMR5Qs2U5af1uA==",
      "peer": true,
      "dependencies": {
        "tslib": "^2.3.0"
      },
      "engines": {
        "node": "^16.14.0 || >=18.10.0"
      },
      "peerDependencies": {
        "@angular/core": "16.2.2",
        "rxjs": "^6.5.3 || ^7.4.0"
      }
    },
    "node_modules/@angular/core": {
      "version": "16.2.2",
      "resolved": "https://registry.npmjs.org/@angular/core/-/core-16.2.2.tgz",
      "integrity": "sha512-l6nJlppguroov7eByBIpbxn/mEPcQrL//Ru1TSPzTtXOLR1p41VqPMaeJXj7xYVx7im57YLTDPAjhtLzkUT/Ow==",
      "peer": true,
      "dependencies": {
        "tslib": "^2.3.0"
      },
      "engines": {
        "node": "^16.14.0 || >=18.10.0"
      },
      "peerDependencies": {
        "rxjs": "^6.5.3 || ^7.4.0",
        "zone.js": "~0.13.0"
      }
    },
    "node_modules/@angular/forms": {
      "version": "16.2.2",
      "resolved": "https://registry.npmjs.org/@angular/forms/-/forms-16.2.2.tgz",
      "integrity": "sha512-Q3GmOCLSD5BXSjvlLkMsJLXWXb4SO0gA2Aya8JaG1y0doQT/CdGcYXrsCrCT3ot13wqp0HdGQ/ATNd0cNjmz2A==",
      "peer": true,
      "dependencies": {
        "tslib": "^2.3.0"
      },
      "engines": {
        "node": "^16.14.0 || >=18.10.0"
      },
      "peerDependencies": {
        "@angular/common": "16.2.2",
        "@angular/core": "16.2.2",
        "@angular/platform-browser": "16.2.2",
        "rxjs": "^6.5.3 || ^7.4.0"
      }
    },
    "node_modules/@angular/platform-browser": {
      "version": "16.2.2",
      "resolved": "https://registry.npmjs.org/@angular/platform-browser/-/platform-browser-16.2.2.tgz",
      "integrity": "sha512-9RwUiHYCAmEirXqwWL/rPfXHMkU9PnpGinok6tmHF8agAmJs1kMWZedxG0GnreTzpTlBu/dI/4v6VDfR9S/D6Q==",
      "peer": true,
      "dependencies": {
        "tslib": "^2.3.0"
      },
      "engines": {
        "node": "^16.14.0 || >=18.10.0"
      },
      "peerDependencies": {
        "@angular/animations": "16.2.2",
        "@angular/common": "16.2.2",
        "@angular/core": "16.2.2"
      },
      "peerDependenciesMeta": {
        "@angular/animations": {
          "optional": true
        }
      }
    },
    "node_modules/@angular/router": {
      "version": "16.2.2",
      "resolved": "https://registry.npmjs.org/@angular/router/-/router-16.2.2.tgz",
      "integrity": "sha512-r4KMVUVEWqjOZK0ZUsY8jRqscseGvgcigcikvYJwfxPqtCGYY7RoVAFY7HUtmXC0GAv1aIybK5o/MKTLaecD5Q==",
      "dependencies": {
        "tslib": "^2.3.0"
      },
      "engines": {
        "node": "^16.14.0 || >=18.10.0"
      },
      "peerDependencies": {
        "@angular/common": "16.2.2",
        "@angular/core": "16.2.2",
        "@angular/platform-browser": "16.2.2",
        "rxjs": "^6.5.3 || ^7.4.0"
      }
    },
    "node_modules/bootstrap": {
      "version": "4.6.2",
      "resolved": "https://registry.npmjs.org/bootstrap/-/bootstrap-4.6.2.tgz",
      "integrity": "sha512-51Bbp/Uxr9aTuy6ca/8FbFloBUJZLHwnhTcnjIeRn2suQWsWzcuJhGjKDB5eppVte/8oCdOL3VuwxvZDUggwGQ==",
      "funding": [
        {
          "type": "github",
          "url": "https://github.com/sponsors/twbs"
        },
        {
          "type": "opencollective",
          "url": "https://opencollective.com/bootstrap"
        }
      ],
      "peerDependencies": {
        "jquery": "1.9.1 - 3",
        "popper.js": "^1.16.1"
      }
    },
    "node_modules/jquery": {
      "version": "3.7.0",
      "resolved": "https://registry.npmjs.org/jquery/-/jquery-3.7.0.tgz",
      "integrity": "sha512-umpJ0/k8X0MvD1ds0P9SfowREz2LenHsQaxSohMZ5OMNEU2r0tf8pdeEFTHMFxWVxKNyU9rTtK3CWzUCTKJUeQ==",
      "peer": true
    },
    "node_modules/moment": {
      "version": "2.29.4",
      "resolved": "https://registry.npmjs.org/moment/-/moment-2.29.4.tgz",
      "integrity": "sha512-5LC9SOxjSc2HF6vO2CyuTDNivEdoz2IvyJJGj6X8DJ0eFyfszE0QiEd+iXmBvUP3WHxSjFH/vIsA0EN00cgr8w==",
      "engines": {
        "node": "*"
      }
    },
    "node_modules/ngx-bootstrap": {
      "version": "11.0.2",
      "resolved": "https://registry.npmjs.org/ngx-bootstrap/-/ngx-bootstrap-11.0.2.tgz",
      "integrity": "sha512-McvQ72XB6692Jus47jahWWwjpSCa6EtHMIqoyMewKCEHMv0ybDgVnOAdEsWKvwfulowHn7Y/jDjeiURwYJG9cQ==",
      "dependencies": {
        "tslib": "^2.3.0"
      },
      "peerDependencies": {
        "@angular/animations": "^16.0.0",
        "@angular/common": "^16.0.0",
        "@angular/core": "^16.0.0",
        "@angular/forms": "^16.0.0",
        "rxjs": "^6.5.3 || ^7.6.0"
      }
    },
    "node_modules/popper.js": {
      "version": "1.16.1",
      "resolved": "https://registry.npmjs.org/popper.js/-/popper.js-1.16.1.tgz",
      "integrity": "sha512-Wb4p1J4zyFTbM+u6WuO4XstYx4Ky9Cewe4DWrel7B0w6VVICvPwdOpotjzcf6eD8TsckVnIMNONQyPIUFOUbCQ==",
      "deprecated": "You can find the new Popper v2 at @popperjs/core, this package is dedicated to the legacy v1",
      "peer": true,
      "funding": {
        "type": "opencollective",
        "url": "https://opencollective.com/popperjs"
      }
    },
    "node_modules/primeicons": {
      "version": "4.1.0",
      "resolved": "https://registry.npmjs.org/primeicons/-/primeicons-4.1.0.tgz",
      "integrity": "sha512-uEv2pSPk1zQCfaB2VgnUfnUxxlGryYi+5rbdxmZBBt5v9S/pscIQYS5YDLxsQZ7D9jn5c76+Tx5wX/2J1nK6sA=="
    },
    "node_modules/primeng": {
      "version": "16.2.0",
      "resolved": "https://registry.npmjs.org/primeng/-/primeng-16.2.0.tgz",
      "integrity": "sha512-crJ5Ef6KOND2G70k6rPtkCA/AcDfbzWtFN9v/oaYjmEVQVSpyr4nux2vEHFBOs+zYBjQQOpSNtXRZmIkln5Ulg==",
      "dependencies": {
        "tslib": "^2.3.0"
      },
      "peerDependencies": {
        "@angular/common": "^16.2.0",
        "@angular/core": "^16.2.0",
        "@angular/forms": "^16.2.0",
        "rxjs": "^6.0.0 || ^7.8.1",
        "zone.js": "~0.13.0"
      }
    },
    "node_modules/rxjs": {
      "version": "7.8.1",
      "resolved": "https://registry.npmjs.org/rxjs/-/rxjs-7.8.1.tgz",
      "integrity": "sha512-AA3TVj+0A2iuIoQkWEK/tqFjBq2j+6PO6Y0zJcvzLAFhEFIO3HL0vls9hWLncZbAAbK0mar7oZ4V079I/qPMxg==",
      "peer": true,
      "dependencies": {
        "tslib": "^2.1.0"
      }
    },
    "node_modules/tslib": {
      "version": "2.6.2",
      "resolved": "https://registry.npmjs.org/tslib/-/tslib-2.6.2.tgz",
      "integrity": "sha512-AEYxH93jGFPn/a2iVAwW87VuUIkR1FVUKB77NwMF7nBTDkDrrT/Hpt/IrCJ0QXhW27jTBDcf5ZY7w6RiqTMw2Q=="
    },
    "node_modules/zone.js": {
      "version": "0.13.1",
      "resolved": "https://registry.npmjs.org/zone.js/-/zone.js-0.13.1.tgz",
      "integrity": "sha512-+bIeDAFEBYuXRuU3qGQvzdPap+N1zjM4KkBAiiQuVVCrHrhjDuY6VkUhNa5+U27+9w0q3fbKiMCbpJ0XzMmSWA==",
      "peer": true,
      "dependencies": {
        "tslib": "^2.3.0"
      }
    }
  }
}
